// !$*UTF8*$!
{
	archiveVersion = 1;
	classes = {
	};
	objectVersion = 46;
	objects = {

/* Begin PBXBuildFile section */
		405E7A881A70E96A0075EB1B /* AppDelegate.swift in Sources */ = {isa = PBXBuildFile; fileRef = 405E7A871A70E96A0075EB1B /* AppDelegate.swift */; };
		405E7A8A1A70E96A0075EB1B /* ViewController.swift in Sources */ = {isa = PBXBuildFile; fileRef = 405E7A891A70E96A0075EB1B /* ViewController.swift */; };
		405E7A8D1A70E96A0075EB1B /* Main.storyboard in Resources */ = {isa = PBXBuildFile; fileRef = 405E7A8B1A70E96A0075EB1B /* Main.storyboard */; };
		405E7A8F1A70E96A0075EB1B /* Images.xcassets in Resources */ = {isa = PBXBuildFile; fileRef = 405E7A8E1A70E96A0075EB1B /* Images.xcassets */; };
		405E7A921A70E96A0075EB1B /* LaunchScreen.xib in Resources */ = {isa = PBXBuildFile; fileRef = 405E7A901A70E96A0075EB1B /* LaunchScreen.xib */; };
		405E7A9E1A70E96A0075EB1B /* SwiftCounterTests.swift in Sources */ = {isa = PBXBuildFile; fileRef = 405E7A9D1A70E96A0075EB1B /* SwiftCounterTests.swift */; };
		407E56961B4BC21B00797618 /* Tock.aiff in Resources */ = {isa = PBXBuildFile; fileRef = 407E56951B4BC21B00797618 /* Tock.aiff */; };
		407E56981B4BC3D500797618 /* Alarm.caf in Resources */ = {isa = PBXBuildFile; fileRef = 407E56971B4BC3D500797618 /* Alarm.caf */; };
/* End PBXBuildFile section */

/* Begin PBXContainerItemProxy section */
		405E7A981A70E96A0075EB1B /* PBXContainerItemProxy */ = {
			isa = PBXContainerItemProxy;
			containerPortal = 405E7A7A1A70E96A0075EB1B /* Project object */;
			proxyType = 1;
			remoteGlobalIDString = 405E7A811A70E96A0075EB1B;
			remoteInfo = SwiftCounter;
		};
/* End PBXContainerItemProxy section */

/* Begin PBXFileReference section */
		405E7A821A70E96A0075EB1B /* SwiftCounter.app */ = {isa = PBXFileReference; explicitFileType = wrapper.application; includeInIndex = 0; path = SwiftCounter.app; sourceTree = BUILT_PRODUCTS_DIR; };
		405E7A861A70E96A0075EB1B /* Info.plist */ = {isa = PBXFileReference; lastKnownFileType = text.plist.xml; path = Info.plist; sourceTree = "<group>"; };
		405E7A871A70E96A0075EB1B /* AppDelegate.swift */ = {isa = PBXFileReference; lastKnownFileType = sourcecode.swift; path = AppDelegate.swift; sourceTree = "<group>"; };
		405E7A891A70E96A0075EB1B /* ViewController.swift */ = {isa = PBXFileReference; lastKnownFileType = sourcecode.swift; path = ViewController.swift; sourceTree = "<group>"; };
		405E7A8C1A70E96A0075EB1B /* Base */ = {isa = PBXFileReference; lastKnownFileType = file.storyboard; name = Base; path = Base.lproj/Main.storyboard; sourceTree = "<group>"; };
		405E7A8E1A70E96A0075EB1B /* Images.xcassets */ = {isa = PBXFileReference; lastKnownFileType = folder.assetcatalog; path = Images.xcassets; sourceTree = "<group>"; };
		405E7A911A70E96A0075EB1B /* Base */ = {isa = PBXFileReference; lastKnownFileType = file.xib; name = Base; path = Base.lproj/LaunchScreen.xib; sourceTree = "<group>"; };
		405E7A971A70E96A0075EB1B /* SwiftCounterTests.xctest */ = {isa = PBXFileReference; explicitFileType = wrapper.cfbundle; includeInIndex = 0; path = SwiftCounterTests.xctest; sourceTree = BUILT_PRODUCTS_DIR; };
		405E7A9C1A70E96A0075EB1B /* Info.plist */ = {isa = PBXFileReference; lastKnownFileType = text.plist.xml; path = Info.plist; sourceTree = "<group>"; };
		405E7A9D1A70E96A0075EB1B /* SwiftCounterTests.swift */ = {isa = PBXFileReference; lastKnownFileType = sourcecode.swift; path = SwiftCounterTests.swift; sourceTree = "<group>"; };
		407E56951B4BC21B00797618 /* Tock.aiff */ = {isa = PBXFileReference; lastKnownFileType = audio.aiff; name = Tock.aiff; path = Resources/Tock.aiff; sourceTree = "<group>"; };
		407E56971B4BC3D500797618 /* Alarm.caf */ = {isa = PBXFileReference; lastKnownFileType = file; name = Alarm.caf; path = Resources/Alarm.caf; sourceTree = "<group>"; };
/* End PBXFileReference section */

/* Begin PBXFrameworksBuildPhase section */
		405E7A7F1A70E96A0075EB1B /* Frameworks */ = {
			isa = PBXFrameworksBuildPhase;
			buildActionMask = 2147483647;
			files = (
			);
			runOnlyForDeploymentPostprocessing = 0;
		};
		405E7A941A70E96A0075EB1B /* Frameworks */ = {
			isa = PBXFrameworksBuildPhase;
			buildActionMask = 2147483647;
			files = (
			);
			runOnlyForDeploymentPostprocessing = 0;
		};
/* End PBXFrameworksBuildPhase section */

/* Begin PBXGroup section */
		405E7A791A70E96A0075EB1B = {
			isa = PBXGroup;
			children = (
				405E7A841A70E96A0075EB1B /* SwiftCounter */,
				405E7A9A1A70E96A0075EB1B /* SwiftCounterTests */,
				405E7A831A70E96A0075EB1B /* Products */,
			);
			sourceTree = "<group>";
		};
		405E7A831A70E96A0075EB1B /* Products */ = {
			isa = PBXGroup;
			children = (
				405E7A821A70E96A0075EB1B /* SwiftCounter.app */,
				405E7A971A70E96A0075EB1B /* SwiftCounterTests.xctest */,
			);
			name = Products;
			sourceTree = "<group>";
		};
		405E7A841A70E96A0075EB1B /* SwiftCounter */ = {
			isa = PBXGroup;
			children = (
				407E56971B4BC3D500797618 /* Alarm.caf */,
				407E56951B4BC21B00797618 /* Tock.aiff */,
				405E7A871A70E96A0075EB1B /* AppDelegate.swift */,
				405E7A891A70E96A0075EB1B /* ViewController.swift */,
				405E7A8B1A70E96A0075EB1B /* Main.storyboard */,
				405E7A8E1A70E96A0075EB1B /* Images.xcassets */,
				405E7A901A70E96A0075EB1B /* LaunchScreen.xib */,
				405E7A851A70E96A0075EB1B /* Supporting Files */,
			);
			path = SwiftCounter;
			sourceTree = "<group>";
		};
		405E7A851A70E96A0075EB1B /* Supporting Files */ = {
			isa = PBXGroup;
			children = (
				405E7A861A70E96A0075EB1B /* Info.plist */,
			);
			name = "Supporting Files";
			sourceTree = "<group>";
		};
		405E7A9A1A70E96A0075EB1B /* SwiftCounterTests */ = {
			isa = PBXGroup;
			children = (
				405E7A9D1A70E96A0075EB1B /* SwiftCounterTests.swift */,
				405E7A9B1A70E96A0075EB1B /* Supporting Files */,
			);
			path = SwiftCounterTests;
			sourceTree = "<group>";
		};
		405E7A9B1A70E96A0075EB1B /* Supporting Files */ = {
			isa = PBXGroup;
			children = (
				405E7A9C1A70E96A0075EB1B /* Info.plist */,
			);
			name = "Supporting Files";
			sourceTree = "<group>";
		};
/* End PBXGroup section */

/* Begin PBXNativeTarget section */
		405E7A811A70E96A0075EB1B /* SwiftCounter */ = {
			isa = PBXNativeTarget;
			buildConfigurationList = 405E7AA11A70E96A0075EB1B /* Build configuration list for PBXNativeTarget "SwiftCounter" */;
			buildPhases = (
				405E7A7E1A70E96A0075EB1B /* Sources */,
				405E7A7F1A70E96A0075EB1B /* Frameworks */,
				405E7A801A70E96A0075EB1B /* Resources */,
			);
			buildRules = (
			);
			dependencies = (
			);
			name = SwiftCounter;
			productName = SwiftCounter;
			productReference = 405E7A821A70E96A0075EB1B /* SwiftCounter.app */;
			productType = "com.apple.product-type.application";
		};
		405E7A961A70E96A0075EB1B /* SwiftCounterTests */ = {
			isa = PBXNativeTarget;
			buildConfigurationList = 405E7AA41A70E96A0075EB1B /* Build configuration list for PBXNativeTarget "SwiftCounterTests" */;
			buildPhases = (
				405E7A931A70E96A0075EB1B /* Sources */,
				405E7A941A70E96A0075EB1B /* Frameworks */,
				405E7A951A70E96A0075EB1B /* Resources */,
			);
			buildRules = (
			);
			dependencies = (
				405E7A991A70E96A0075EB1B /* PBXTargetDependency */,
			);
			name = SwiftCounterTests;
			productName = SwiftCounterTests;
			productReference = 405E7A971A70E96A0075EB1B /* SwiftCounterTests.xctest */;
			productType = "com.apple.product-type.bundle.unit-test";
		};
/* End PBXNativeTarget section */

/* Begin PBXProject section */
		405E7A7A1A70E96A0075EB1B /* Project object */ = {
			isa = PBXProject;
			attributes = {
				LastUpgradeCheck = 0610;
				ORGANIZATIONNAME = "Zhu Lin";
				TargetAttributes = {
					405E7A811A70E96A0075EB1B = {
						CreatedOnToolsVersion = 6.1.1;
						DevelopmentTeam = K79V7594Y2;
					};
					405E7A961A70E96A0075EB1B = {
						CreatedOnToolsVersion = 6.1.1;
						TestTargetID = 405E7A811A70E96A0075EB1B;
					};
				};
			};
			buildConfigurationList = 405E7A7D1A70E96A0075EB1B /* Build configuration list for PBXProject "SwiftCounter" */;
			compatibilityVersion = "Xcode 3.2";
			developmentRegion = English;
			hasScannedForEncodings = 0;
			knownRegions = (
				en,
				Base,
			);
			mainGroup = 405E7A791A70E96A0075EB1B;
			productRefGroup = 405E7A831A70E96A0075EB1B /* Products */;
			projectDirPath = "";
			projectRoot = "";
			targets = (
				405E7A811A70E96A0075EB1B /* SwiftCounter */,
				405E7A961A70E96A0075EB1B /* SwiftCounterTests */,
			);
		};
/* End PBXProject section */

/* Begin PBXResourcesBuildPhase section */
		405E7A801A70E96A0075EB1B /* Resources */ = {
			isa = PBXResourcesBuildPhase;
			buildActionMask = 2147483647;
			files = (
				405E7A8D1A70E96A0075EB1B /* Main.storyboard in Resources */,
				405E7A921A70E96A0075EB1B /* LaunchScreen.xib in Resources */,
				407E56961B4BC21B00797618 /* Tock.aiff in Resources */,
				405E7A8F1A70E96A0075EB1B /* Images.xcassets in Resources */,
				407E56981B4BC3D500797618 /* Alarm.caf in Resources */,
			);
			runOnlyForDeploymentPostprocessing = 0;
		};
		405E7A951A70E96A0075EB1B /* Resources */ = {
			isa = PBXResourcesBuildPhase;
			buildActionMask = 2147483647;
			files = (
			);
			runOnlyForDeploymentPostprocessing = 0;
		};
/* End PBXResourcesBuildPhase section */

/* Begin PBXSourcesBuildPhase section */
		405E7A7E1A70E96A0075EB1B /* Sources */ = {
			isa = PBXSourcesBuildPhase;
			buildActionMask = 2147483647;
			files = (
				405E7A8A1A70E96A0075EB1B /* ViewController.swift in Sources */,
				405E7A881A70E96A0075EB1B /* AppDelegate.swift in Sources */,
			);
			runOnlyForDeploymentPostprocessing = 0;
		};
		405E7A931A70E96A0075EB1B /* Sources */ = {
			isa = PBXSourcesBuildPhase;
			buildActionMask = 2147483647;
			files = (
				405E7A9E1A70E96A0075EB1B /* SwiftCounterTests.swift in Sources */,
			);
			runOnlyForDeploymentPostprocessing = 0;
		};
/* End PBXSourcesBuildPhase section */

/* Begin PBXTargetDependency section */
		405E7A991A70E96A0075EB1B /* PBXTargetDependency */ = {
			isa = PBXTargetDependency;
			target = 405E7A811A70E96A0075EB1B /* SwiftCounter */;
			targetProxy = 405E7A981A70E96A0075EB1B /* PBXContainerItemProxy */;
		};
/* End PBXTargetDependency section */

/* Begin PBXVariantGroup section */
		405E7A8B1A70E96A0075EB1B /* Main.storyboard */ = {
			isa = PBXVariantGroup;
			children = (
				405E7A8C1A70E96A0075EB1B /* Base */,
			);
			name = Main.storyboard;
			sourceTree = "<group>";
		};
		405E7A901A70E96A0075EB1B /* LaunchScreen.xib */ = {
			isa = PBXVariantGroup;
			children = (
				405E7A911A70E96A0075EB1B /* Base */,
			);
			name = LaunchScreen.xib;
			sourceTree = "<group>";
		};
/* End PBXVariantGroup section */

/* Begin XCBuildConfiguration section */
		405E7A9F1A70E96A0075EB1B /* Debug */ = {
			isa = XCBuildConfiguration;
			buildSettings = {
				ALWAYS_SEARCH_USER_PATHS = NO;
				CLANG_CXX_LANGUAGE_STANDARD = "gnu++0x";
				CLANG_CXX_LIBRARY = "libc++";
				CLANG_ENABLE_MODULES = YES;
				CLANG_ENABLE_OBJC_ARC = YES;
				CLANG_WARN_BOOL_CONVERSION = YES;
				CLANG_WARN_CONSTANT_CONVERSION = YES;
				CLANG_WARN_DIRECT_OBJC_ISA_USAGE = YES_ERROR;
				CLANG_WARN_EMPTY_BODY = YES;
				CLANG_WARN_ENUM_CONVERSION = YES;
				CLANG_WARN_INT_CONVERSION = YES;
				CLANG_WARN_OBJC_ROOT_CLASS = YES_ERROR;
				CLANG_WARN_UNREACHABLE_CODE = YES;
				CLANG_WARN__DUPLICATE_METHOD_MATCH = YES;
				"CODE_SIGN_IDENTITY[sdk=iphoneos*]" = "iPhone Developer";
				COPY_PHASE_STRIP = NO;
				ENABLE_STRICT_OBJC_MSGSEND = YES;
				GCC_C_LANGUAGE_STANDARD = gnu99;
				GCC_DYNAMIC_NO_PIC = NO;
				GCC_OPTIMIZATION_LEVEL = 0;
				GCC_PREPROCESSOR_DEFINITIONS = (
					"DEBUG=1",
					"$(inherited)",
				);
				GCC_SYMBOLS_PRIVATE_EXTERN = NO;
				GCC_WARN_64_TO_32_BIT_CONVERSION = YES;
				GCC_WARN_ABOUT_RETURN_TYPE = YES_ERROR;
				GCC_WARN_UNDECLARED_SELECTOR = YES;
				GCC_WARN_UNINITIALIZED_AUTOS = YES_AGGRESSIVE;
				GCC_WARN_UNUSED_FUNCTION = YES;
				GCC_WARN_UNUSED_VARIABLE = YES;
				IPHONEOS_DEPLOYMENT_TARGET = 8.1;
				MTL_ENABLE_DEBUG_INFO = YES;
				ONLY_ACTIVE_ARCH = YES;
				SDKROOT = iphoneos;
				SWIFT_OPTIMIZATION_LEVEL = "-Onone";
				TARGETED_DEVICE_FAMILY = "1,2";
			};
			name = Debug;
		};
		405E7AA01A70E96A0075EB1B /* Release */ = {
			isa = XCBuildConfiguration;
			buildSettings = {
				ALWAYS_SEARCH_USER_PATHS = NO;
				CLANG_CXX_LANGUAGE_STANDARD = "gnu++0x";
				CLANG_CXX_LIBRARY = "libc++";
				CLANG_ENABLE_MODULES = YES;
				CLANG_ENABLE_OBJC_ARC = YES;
				CLANG_WARN_BOOL_CONVERSION = YES;
				CLANG_WARN_CONSTANT_CONVERSION = YES;
				CLANG_WARN_DIRECT_OBJC_ISA_USAGE = YES_ERROR;
				CLANG_WARN_EMPTY_BODY = YES;
				CLANG_WARN_ENUM_CONVERSION = YES;
				CLANG_WARN_INT_CONVERSION = YES;
				CLANG_WARN_OBJC_ROOT_CLASS = YES_ERROR;
				CLANG_WARN_UNREACHABLE_CODE = YES;
				CLANG_WARN__DUPLICATE_METHOD_MATCH = YES;
				"CODE_SIGN_IDENTITY[sdk=iphoneos*]" = "iPhone Developer";
				COPY_PHASE_STRIP = YES;
				ENABLE_NS_ASSERTIONS = NO;
				ENABLE_STRICT_OBJC_MSGSEND = YES;
				GCC_C_LANGUAGE_STANDARD = gnu99;
				GCC_WARN_64_TO_32_BIT_CONVERSION = YES;
				GCC_WARN_ABOUT_RETURN_TYPE = YES_ERROR;
				GCC_WARN_UNDECLARED_SELECTOR = YES;
				GCC_WARN_UNINITIALIZED_AUTOS = YES_AGGRESSIVE;
				GCC_WARN_UNUSED_FUNCTION = YES;
				GCC_WARN_UNUSED_VARIABLE = YES;
				IPHONEOS_DEPLOYMENT_TARGET = 8.1;
				MTL_ENABLE_DEBUG_INFO = NO;
				SDKROOT = iphoneos;
				TARGETED_DEVICE_FAMILY = "1,2";
				VALIDATE_PRODUCT = YES;
			};
			name = Release;
		};
		405E7AA21A70E96A0075EB1B /* Debug */ = {
			isa = XCBuildConfiguration;
			buildSettings = {
				ASSETCATALOG_COMPILER_APPICON_NAME = AppIcon;
				CODE_SIGN_IDENTITY = "iPhone Developer";
				INFOPLIST_FILE = SwiftCounter/Info.plist;
				LD_RUNPATH_SEARCH_PATHS = "$(inherited) @executable_path/Frameworks";
				PRODUCT_NAME = "$(TARGET_NAME)";
				PROVISIONING_PROFILE = "cf232d3f-0703-4ee1-9ed2-5e06f04e2e00";
			};
			name = Debug;
		};
		405E7AA31A70E96A0075EB1B /* Release */ = {
			isa = XCBuildConfiguration;
			buildSettings = {
				ASSETCATALOG_COMPILER_APPICON_NAME = AppIcon;
				CODE_SIGN_IDENTITY = "iPhone Developer";
				INFOPLIST_FILE = SwiftCounter/Info.plist;
				LD_RUNPATH_SEARCH_PATHS = "$(inherited) @executable_path/Frameworks";
				PRODUCT_NAME = "$(TARGET_NAME)";
				PROVISIONING_PROFILE = "cf232d3f-0703-4ee1-9ed2-5e06f04e2e00";
			};
			name = Release;
		};
		405E7AA51A70E96A0075EB1B /* Debug */ = {
			isa = XCBuildConfiguration;
			buildSettings = {
				BUNDLE_LOADER = "$(TEST_HOST)";
				FRAMEWORK_SEARCH_PATHS = (
					"$(SDKROOT)/Developer/Library/Frameworks",
					"$(inherited)",
				);
				GCC_PREPROCESSOR_DEFINITIONS = (
					"DEBUG=1",
					"$(inherited)",
				);
				INFOPLIST_FILE = SwiftCounterTests/Info.plist;
				LD_RUNPATH_SEARCH_PATHS = "$(inherited) @executable_path/Frameworks @loader_path/Frameworks";
				PRODUCT_NAME = "$(TARGET_NAME)";
				TEST_HOST = "$(BUILT_PRODUCTS_DIR)/SwiftCounter.app/SwiftCounter";
			};
			name = Debug;
		};
		405E7AA61A70E96A0075EB1B /* Release */ = {
			isa = XCBuildConfiguration;
			buildSettings = {
				BUNDLE_LOADER = "$(TEST_HOST)";
				FRAMEWORK_SEARCH_PATHS = (
					"$(SDKROOT)/Developer/Library/Frameworks",
					"$(inherited)",
				);
				INFOPLIST_FILE = SwiftCounterTests/Info.plist;
				LD_RUNPATH_SEARCH_PATHS = "$(inherited) @executable_path/Frameworks @loader_path/Frameworks";
				PRODUCT_NAME = "$(TARGET_NAME)";
				TEST_HOST = "$(BUILT_PRODUCTS_DIR)/SwiftCounter.app/SwiftCounter";
			};
			name = Release;
		};
/* End XCBuildConfiguration section */

/* Begin XCConfigurationList section */
		405E7A7D1A70E96A0075EB1B /* Build configuration list for PBXProject "SwiftCounter" */ = {
			isa = XCConfigurationList;
			buildConfigurations = (
				405E7A9F1A70E96A0075EB1B /* Debug */,
				405E7AA01A70E96A0075EB1B /* Release */,
			);
			defaultConfigurationIsVisible = 0;
			defaultConfigurationName = Release;
		};
		405E7AA11A70E96A0075EB1B /* Build configuration list for PBXNativeTarget "SwiftCounter" */ = {
			isa = XCConfigurationList;
			buildConfigurations = (
				405E7AA21A70E96A0075EB1B /* Debug */,
				405E7AA31A70E96A0075EB1B /* Release */,
			);
			defaultConfigurationIsVisible = 0;
			defaultConfigurationName = Release;
		};
		405E7AA41A70E96A0075EB1B /* Build configuration list for PBXNativeTarget "SwiftCounterTests" */ = {
			isa = XCConfigurationList;
			buildConfigurations = (
				405E7AA51A70E96A0075EB1B /* Debug */,
				405E7AA61A70E96A0075EB1B /* Release */,
			);
			defaultConfigurationIsVisible = 0;
			defaultConfigurationName = Release;
		};
/* End XCConfigurationList section */
	};
	rootObject = 405E7A7A1A70E96A0075EB1B /* Project object */;
}
